
Microsoft Visual Studio Solution File, Format Version 12.00
# Visual Studio Version 17
VisualStudioVersion = 17.2.32602.215
MinimumVisualStudioVersion = 10.0.40219.1
Project("{9A19103F-16F7-4668-BE54-9A1E7A4F7556}") = "EasyJobInfraCode", "EasyJobInfraCode.csproj", "{B1328BB3-2E00-4A89-A72C-BB10A8E9CF1F}"
EndProject
Global
	GlobalSection(SolutionConfigurationPlatforms) = preSolution
		Debug|Any CPU = Debug|Any CPU
		Release|Any CPU = Release|Any CPU
	EndGlobalSection
	GlobalSection(ProjectConfigurationPlatforms) = postSolution
		{B1328BB3-2E00-4A89-A72C-BB10A8E9CF1F}.Debug|Any CPU.ActiveCfg = Debug|Any CPU
		{B1328BB3-2E00-4A89-A72C-BB10A8E9CF1F}.Debug|Any CPU.Build.0 = Debug|Any CPU
		{B1328BB3-2E00-4A89-A72C-BB10A8E9CF1F}.Release|Any CPU.ActiveCfg = Release|Any CPU
		{B1328BB3-2E00-4A89-A72C-BB10A8E9CF1F}.Release|Any CPU.Build.0 = Release|Any CPU
	EndGlobalSection
	GlobalSection(SolutionProperties) = preSolution
		HideSolutionNode = FALSE
	EndGlobalSection
	GlobalSection(ExtensibilityGlobals) = postSolution
		SolutionGuid = {B5B097D5-9D5C-4C5E-9650-CE81383E9B9D}
	EndGlobalSection
EndGlobal
